
Microsoft Visual Studio Solution File, Format Version 12.00
# Visual Studio Version 17
VisualStudioVersion = 17.2.32526.322
MinimumVisualStudioVersion = 10.0.40219.1
Project("{FAE04EC0-301F-11D3-BF4B-00C04F79EFBC}") = "WebAPIStudy", "WebAPIStudy.csproj", "{DC6F7AE2-0CA4-408E-8623-F1821754905A}"
EndProject
Global
	GlobalSection(SolutionConfigurationPlatforms) = preSolution
		Debug|Any CPU = Debug|Any CPU
		Release|Any CPU = Release|Any CPU
	EndGlobalSection
	GlobalSection(ProjectConfigurationPlatforms) = postSolution
		{DC6F7AE2-0CA4-408E-8623-F1821754905A}.Debug|Any CPU.ActiveCfg = Debug|Any CPU
		{DC6F7AE2-0CA4-408E-8623-F1821754905A}.Debug|Any CPU.Build.0 = Debug|Any CPU
		{DC6F7AE2-0CA4-408E-8623-F1821754905A}.Release|Any CPU.ActiveCfg = Release|Any CPU
		{DC6F7AE2-0CA4-408E-8623-F1821754905A}.Release|Any CPU.Build.0 = Release|Any CPU
	EndGlobalSection
	GlobalSection(SolutionProperties) = preSolution
		HideSolutionNode = FALSE
	EndGlobalSection
	GlobalSection(ExtensibilityGlobals) = postSolution
		SolutionGuid = {D2B5F805-8072-4F35-9CB5-7D5C48907F4B}
	EndGlobalSection
EndGlobal
